// !$*UTF8*$!
{
	archiveVersion = 1;
	classes = {
	};
	objectVersion = 55;
	objects = {

/* Begin PBXBuildFile section */
		7ADC62B5285A5D4000A95952 /* FastFoodAppApp.swift in Sources */ = {isa = PBXBuildFile; fileRef = 7ADC62B4285A5D4000A95952 /* FastFoodAppApp.swift */; };
		7ADC62B9285A5D4200A95952 /* Assets.xcassets in Resources */ = {isa = PBXBuildFile; fileRef = 7ADC62B8285A5D4200A95952 /* Assets.xcassets */; };
		7ADC62BC285A5D4200A95952 /* Preview Assets.xcassets in Resources */ = {isa = PBXBuildFile; fileRef = 7ADC62BB285A5D4200A95952 /* Preview Assets.xcassets */; };
		7ADC62C1285A5D4200A95952 /* FastFoodApp.xcdatamodeld in Sources */ = {isa = PBXBuildFile; fileRef = 7ADC62BF285A5D4200A95952 /* FastFoodApp.xcdatamodeld */; };
		7ADC62C8285A5D7500A95952 /* DataController.swift in Sources */ = {isa = PBXBuildFile; fileRef = 7ADC62C7285A5D7500A95952 /* DataController.swift */; };
		7ADC62D8285A5DD100A95952 /* MainMenuView.swift in Sources */ = {isa = PBXBuildFile; fileRef = 7ADC62D7285A5DD100A95952 /* MainMenuView.swift */; };
		7ADC62EC285A5E8800A95952 /* MenuView.swift in Sources */ = {isa = PBXBuildFile; fileRef = 7ADC62EB285A5E8800A95952 /* MenuView.swift */; };
		7ADC62EE285A5E9900A95952 /* BurgersView.swift in Sources */ = {isa = PBXBuildFile; fileRef = 7ADC62ED285A5E9900A95952 /* BurgersView.swift */; };
		7ADC62F0285A5EB000A95952 /* BurgerView.swift in Sources */ = {isa = PBXBuildFile; fileRef = 7ADC62EF285A5EB000A95952 /* BurgerView.swift */; };
		7ADC62F2285A5EBC00A95952 /* LocationView.swift in Sources */ = {isa = PBXBuildFile; fileRef = 7ADC62F1285A5EBC00A95952 /* LocationView.swift */; };
		7ADC62F4285A5EC800A95952 /* BasketView.swift in Sources */ = {isa = PBXBuildFile; fileRef = 7ADC62F3285A5EC800A95952 /* BasketView.swift */; };
		7ADC62F6285A5EEC00A95952 /* AddressView.swift in Sources */ = {isa = PBXBuildFile; fileRef = 7ADC62F5285A5EEC00A95952 /* AddressView.swift */; };
		7ADC62F9285A5F1A00A95952 /* MapKit.framework in Frameworks */ = {isa = PBXBuildFile; fileRef = 7ADC62F8285A5F1A00A95952 /* MapKit.framework */; };
		7ADC62FE285A60E300A95952 /* Product+CoreDataClass.swift in Sources */ = {isa = PBXBuildFile; fileRef = 7ADC62FA285A60E300A95952 /* Product+CoreDataClass.swift */; };
		7ADC62FF285A60E300A95952 /* Product+CoreDataProperties.swift in Sources */ = {isa = PBXBuildFile; fileRef = 7ADC62FB285A60E300A95952 /* Product+CoreDataProperties.swift */; };
		7ADC6300285A60E300A95952 /* Category+CoreDataClass.swift in Sources */ = {isa = PBXBuildFile; fileRef = 7ADC62FC285A60E300A95952 /* Category+CoreDataClass.swift */; };
		7ADC6301285A60E300A95952 /* Category+CoreDataProperties.swift in Sources */ = {isa = PBXBuildFile; fileRef = 7ADC62FD285A60E300A95952 /* Category+CoreDataProperties.swift */; };
		7ADC6322285A934800A95952 /* Address+CoreDataClass.swift in Sources */ = {isa = PBXBuildFile; fileRef = 7ADC6320285A934800A95952 /* Address+CoreDataClass.swift */; };
		7ADC6323285A934800A95952 /* Address+CoreDataProperties.swift in Sources */ = {isa = PBXBuildFile; fileRef = 7ADC6321285A934800A95952 /* Address+CoreDataProperties.swift */; };
		7ADC6325285B0D1800A95952 /* SummaryView.swift in Sources */ = {isa = PBXBuildFile; fileRef = 7ADC6324285B0D1800A95952 /* SummaryView.swift */; };
/* End PBXBuildFile section */

/* Begin PBXFileReference section */
		7ADC62B1285A5D4000A95952 /* FastFoodApp.app */ = {isa = PBXFileReference; explicitFileType = wrapper.application; includeInIndex = 0; path = FastFoodApp.app; sourceTree = BUILT_PRODUCTS_DIR; };
		7ADC62B4285A5D4000A95952 /* FastFoodAppApp.swift */ = {isa = PBXFileReference; lastKnownFileType = sourcecode.swift; path = FastFoodAppApp.swift; sourceTree = "<group>"; };
		7ADC62B8285A5D4200A95952 /* Assets.xcassets */ = {isa = PBXFileReference; lastKnownFileType = folder.assetcatalog; path = Assets.xcassets; sourceTree = "<group>"; };
		7ADC62BB285A5D4200A95952 /* Preview Assets.xcassets */ = {isa = PBXFileReference; lastKnownFileType = folder.assetcatalog; path = "Preview Assets.xcassets"; sourceTree = "<group>"; };
		7ADC62C0285A5D4200A95952 /* FastFoodApp.xcdatamodel */ = {isa = PBXFileReference; lastKnownFileType = wrapper.xcdatamodel; path = FastFoodApp.xcdatamodel; sourceTree = "<group>"; };
		7ADC62C7285A5D7500A95952 /* DataController.swift */ = {isa = PBXFileReference; fileEncoding = 4; lastKnownFileType = sourcecode.swift; name = DataController.swift; path = ../../../project2/FastFoodApp/FastFoodApp/DataController.swift; sourceTree = "<group>"; };
		7ADC62D7285A5DD100A95952 /* MainMenuView.swift */ = {isa = PBXFileReference; lastKnownFileType = sourcecode.swift; path = MainMenuView.swift; sourceTree = "<group>"; };
		7ADC62EB285A5E8800A95952 /* MenuView.swift */ = {isa = PBXFileReference; lastKnownFileType = sourcecode.swift; path = MenuView.swift; sourceTree = "<group>"; };
		7ADC62ED285A5E9900A95952 /* BurgersView.swift */ = {isa = PBXFileReference; lastKnownFileType = sourcecode.swift; path = BurgersView.swift; sourceTree = "<group>"; };
		7ADC62EF285A5EB000A95952 /* BurgerView.swift */ = {isa = PBXFileReference; lastKnownFileType = sourcecode.swift; path = BurgerView.swift; sourceTree = "<group>"; };
		7ADC62F1285A5EBC00A95952 /* LocationView.swift */ = {isa = PBXFileReference; lastKnownFileType = sourcecode.swift; path = LocationView.swift; sourceTree = "<group>"; };
		7ADC62F3285A5EC800A95952 /* BasketView.swift */ = {isa = PBXFileReference; lastKnownFileType = sourcecode.swift; path = BasketView.swift; sourceTree = "<group>"; };
		7ADC62F5285A5EEC00A95952 /* AddressView.swift */ = {isa = PBXFileReference; lastKnownFileType = sourcecode.swift; path = AddressView.swift; sourceTree = "<group>"; };
		7ADC62F8285A5F1A00A95952 /* MapKit.framework */ = {isa = PBXFileReference; lastKnownFileType = wrapper.framework; name = MapKit.framework; path = System/Library/Frameworks/MapKit.framework; sourceTree = SDKROOT; };
		7ADC62FA285A60E300A95952 /* Product+CoreDataClass.swift */ = {isa = PBXFileReference; lastKnownFileType = sourcecode.swift; path = "Product+CoreDataClass.swift"; sourceTree = "<group>"; };
		7ADC62FB285A60E300A95952 /* Product+CoreDataProperties.swift */ = {isa = PBXFileReference; lastKnownFileType = sourcecode.swift; path = "Product+CoreDataProperties.swift"; sourceTree = "<group>"; };
		7ADC62FC285A60E300A95952 /* Category+CoreDataClass.swift */ = {isa = PBXFileReference; lastKnownFileType = sourcecode.swift; path = "Category+CoreDataClass.swift"; sourceTree = "<group>"; };
		7ADC62FD285A60E300A95952 /* Category+CoreDataProperties.swift */ = {isa = PBXFileReference; lastKnownFileType = sourcecode.swift; path = "Category+CoreDataProperties.swift"; sourceTree = "<group>"; };
		7ADC6320285A934800A95952 /* Address+CoreDataClass.swift */ = {isa = PBXFileReference; lastKnownFileType = sourcecode.swift; path = "Address+CoreDataClass.swift"; sourceTree = "<group>"; };
		7ADC6321285A934800A95952 /* Address+CoreDataProperties.swift */ = {isa = PBXFileReference; lastKnownFileType = sourcecode.swift; path = "Address+CoreDataProperties.swift"; sourceTree = "<group>"; };
		7ADC6324285B0D1800A95952 /* SummaryView.swift */ = {isa = PBXFileReference; lastKnownFileType = sourcecode.swift; path = SummaryView.swift; sourceTree = "<group>"; };
/* End PBXFileReference section */

/* Begin PBXFrameworksBuildPhase section */
		7ADC62AE285A5D4000A95952 /* Frameworks */ = {
			isa = PBXFrameworksBuildPhase;
			buildActionMask = 2147483647;
			files = (
				7ADC62F9285A5F1A00A95952 /* MapKit.framework in Frameworks */,
			);
			runOnlyForDeploymentPostprocessing = 0;
		};
/* End PBXFrameworksBuildPhase section */

/* Begin PBXGroup section */
		7ADC62A8285A5D4000A95952 = {
			isa = PBXGroup;
			children = (
				7ADC6320285A934800A95952 /* Address+CoreDataClass.swift */,
				7ADC6321285A934800A95952 /* Address+CoreDataProperties.swift */,
				7ADC62FA285A60E300A95952 /* Product+CoreDataClass.swift */,
				7ADC62FB285A60E300A95952 /* Product+CoreDataProperties.swift */,
				7ADC62FC285A60E300A95952 /* Category+CoreDataClass.swift */,
				7ADC62FD285A60E300A95952 /* Category+CoreDataProperties.swift */,
				7ADC62B3285A5D4000A95952 /* FastFoodApp */,
				7ADC62B2285A5D4000A95952 /* Products */,
				7ADC62F7285A5F1A00A95952 /* Frameworks */,
			);
			sourceTree = "<group>";
		};
		7ADC62B2285A5D4000A95952 /* Products */ = {
			isa = PBXGroup;
			children = (
				7ADC62B1285A5D4000A95952 /* FastFoodApp.app */,
			);
			name = Products;
			sourceTree = "<group>";
		};
		7ADC62B3285A5D4000A95952 /* FastFoodApp */ = {
			isa = PBXGroup;
			children = (
				7ADC62B4285A5D4000A95952 /* FastFoodAppApp.swift */,
				7ADC62B8285A5D4200A95952 /* Assets.xcassets */,
				7ADC62D7285A5DD100A95952 /* MainMenuView.swift */,
				7ADC62EB285A5E8800A95952 /* MenuView.swift */,
				7ADC62ED285A5E9900A95952 /* BurgersView.swift */,
				7ADC62EF285A5EB000A95952 /* BurgerView.swift */,
				7ADC62F1285A5EBC00A95952 /* LocationView.swift */,
				7ADC62F3285A5EC800A95952 /* BasketView.swift */,
				7ADC62F5285A5EEC00A95952 /* AddressView.swift */,
				7ADC6324285B0D1800A95952 /* SummaryView.swift */,
				7ADC62BF285A5D4200A95952 /* FastFoodApp.xcdatamodeld */,
				7ADC62C7285A5D7500A95952 /* DataController.swift */,
				7ADC62BA285A5D4200A95952 /* Preview Content */,
			);
			path = FastFoodApp;
			sourceTree = "<group>";
		};
		7ADC62BA285A5D4200A95952 /* Preview Content */ = {
			isa = PBXGroup;
			children = (
				7ADC62BB285A5D4200A95952 /* Preview Assets.xcassets */,
			);
			path = "Preview Content";
			sourceTree = "<group>";
		};
		7ADC62F7285A5F1A00A95952 /* Frameworks */ = {
			isa = PBXGroup;
			children = (
				7ADC62F8285A5F1A00A95952 /* MapKit.framework */,
			);
			name = Frameworks;
			sourceTree = "<group>";
		};
/* End PBXGroup section */

/* Begin PBXNativeTarget section */
		7ADC62B0285A5D4000A95952 /* FastFoodApp */ = {
			isa = PBXNativeTarget;
			buildConfigurationList = 7ADC62C4285A5D4200A95952 /* Build configuration list for PBXNativeTarget "FastFoodApp" */;
			buildPhases = (
				7ADC62AD285A5D4000A95952 /* Sources */,
				7ADC62AE285A5D4000A95952 /* Frameworks */,
				7ADC62AF285A5D4000A95952 /* Resources */,
			);
			buildRules = (
			);
			dependencies = (
			);
			name = FastFoodApp;
			productName = FastFoodApp;
			productReference = 7ADC62B1285A5D4000A95952 /* FastFoodApp.app */;
			productType = "com.apple.product-type.application";
		};
/* End PBXNativeTarget section */

/* Begin PBXProject section */
		7ADC62A9285A5D4000A95952 /* Project object */ = {
			isa = PBXProject;
			attributes = {
				BuildIndependentTargetsInParallel = 1;
				LastSwiftUpdateCheck = 1300;
				LastUpgradeCheck = 1300;
				TargetAttributes = {
					7ADC62B0285A5D4000A95952 = {
						CreatedOnToolsVersion = 13.0;
					};
				};
			};
			buildConfigurationList = 7ADC62AC285A5D4000A95952 /* Build configuration list for PBXProject "FastFoodApp" */;
			compatibilityVersion = "Xcode 13.0";
			developmentRegion = en;
			hasScannedForEncodings = 0;
			knownRegions = (
				en,
				Base,
			);
			mainGroup = 7ADC62A8285A5D4000A95952;
			productRefGroup = 7ADC62B2285A5D4000A95952 /* Products */;
			projectDirPath = "";
			projectRoot = "";
			targets = (
				7ADC62B0285A5D4000A95952 /* FastFoodApp */,
			);
		};
/* End PBXProject section */

/* Begin PBXResourcesBuildPhase section */
		7ADC62AF285A5D4000A95952 /* Resources */ = {
			isa = PBXResourcesBuildPhase;
			buildActionMask = 2147483647;
			files = (
				7ADC62BC285A5D4200A95952 /* Preview Assets.xcassets in Resources */,
				7ADC62B9285A5D4200A95952 /* Assets.xcassets in Resources */,
			);
			runOnlyForDeploymentPostprocessing = 0;
		};
/* End PBXResourcesBuildPhase section */

/* Begin PBXSourcesBuildPhase section */
		7ADC62AD285A5D4000A95952 /* Sources */ = {
			isa = PBXSourcesBuildPhase;
			buildActionMask = 2147483647;
			files = (
				7ADC62F4285A5EC800A95952 /* BasketView.swift in Sources */,
				7ADC62F0285A5EB000A95952 /* BurgerView.swift in Sources */,
				7ADC62FF285A60E300A95952 /* Product+CoreDataProperties.swift in Sources */,
				7ADC6300285A60E300A95952 /* Category+CoreDataClass.swift in Sources */,
				7ADC62F2285A5EBC00A95952 /* LocationView.swift in Sources */,
				7ADC62EC285A5E8800A95952 /* MenuView.swift in Sources */,
				7ADC62F6285A5EEC00A95952 /* AddressView.swift in Sources */,
				7ADC6322285A934800A95952 /* Address+CoreDataClass.swift in Sources */,
				7ADC6323285A934800A95952 /* Address+CoreDataProperties.swift in Sources */,
				7ADC6301285A60E300A95952 /* Category+CoreDataProperties.swift in Sources */,
				7ADC62FE285A60E300A95952 /* Product+CoreDataClass.swift in Sources */,
				7ADC6325285B0D1800A95952 /* SummaryView.swift in Sources */,
				7ADC62B5285A5D4000A95952 /* FastFoodAppApp.swift in Sources */,
				7ADC62C8285A5D7500A95952 /* DataController.swift in Sources */,
				7ADC62EE285A5E9900A95952 /* BurgersView.swift in Sources */,
				7ADC62D8285A5DD100A95952 /* MainMenuView.swift in Sources */,
				7ADC62C1285A5D4200A95952 /* FastFoodApp.xcdatamodeld in Sources */,
			);
			runOnlyForDeploymentPostprocessing = 0;
		};
/* End PBXSourcesBuildPhase section */

/* Begin XCBuildConfiguration section */
		7ADC62C2285A5D4200A95952 /* Debug */ = {
			isa = XCBuildConfiguration;
			buildSettings = {
				ALWAYS_SEARCH_USER_PATHS = NO;
				CLANG_ANALYZER_NONNULL = YES;
				CLANG_ANALYZER_NUMBER_OBJECT_CONVERSION = YES_AGGRESSIVE;
				CLANG_CXX_LANGUAGE_STANDARD = "gnu++17";
				CLANG_CXX_LIBRARY = "libc++";
				CLANG_ENABLE_MODULES = YES;
				CLANG_ENABLE_OBJC_ARC = YES;
				CLANG_ENABLE_OBJC_WEAK = YES;
				CLANG_WARN_BLOCK_CAPTURE_AUTORELEASING = YES;
				CLANG_WARN_BOOL_CONVERSION = YES;
				CLANG_WARN_COMMA = YES;
				CLANG_WARN_CONSTANT_CONVERSION = YES;
				CLANG_WARN_DEPRECATED_OBJC_IMPLEMENTATIONS = YES;
				CLANG_WARN_DIRECT_OBJC_ISA_USAGE = YES_ERROR;
				CLANG_WARN_DOCUMENTATION_COMMENTS = YES;
				CLANG_WARN_EMPTY_BODY = YES;
				CLANG_WARN_ENUM_CONVERSION = YES;
				CLANG_WARN_INFINITE_RECURSION = YES;
				CLANG_WARN_INT_CONVERSION = YES;
				CLANG_WARN_NON_LITERAL_NULL_CONVERSION = YES;
				CLANG_WARN_OBJC_IMPLICIT_RETAIN_SELF = YES;
				CLANG_WARN_OBJC_LITERAL_CONVERSION = YES;
				CLANG_WARN_OBJC_ROOT_CLASS = YES_ERROR;
				CLANG_WARN_QUOTED_INCLUDE_IN_FRAMEWORK_HEADER = YES;
				CLANG_WARN_RANGE_LOOP_ANALYSIS = YES;
				CLANG_WARN_STRICT_PROTOTYPES = YES;
				CLANG_WARN_SUSPICIOUS_MOVE = YES;
				CLANG_WARN_UNGUARDED_AVAILABILITY = YES_AGGRESSIVE;
				CLANG_WARN_UNREACHABLE_CODE = YES;
				CLANG_WARN__DUPLICATE_METHOD_MATCH = YES;
				COPY_PHASE_STRIP = NO;
				DEBUG_INFORMATION_FORMAT = dwarf;
				ENABLE_STRICT_OBJC_MSGSEND = YES;
				ENABLE_TESTABILITY = YES;
				GCC_C_LANGUAGE_STANDARD = gnu11;
				GCC_DYNAMIC_NO_PIC = NO;
				GCC_NO_COMMON_BLOCKS = YES;
				GCC_OPTIMIZATION_LEVEL = 0;
				GCC_PREPROCESSOR_DEFINITIONS = (
					"DEBUG=1",
					"$(inherited)",
				);
				GCC_WARN_64_TO_32_BIT_CONVERSION = YES;
				GCC_WARN_ABOUT_RETURN_TYPE = YES_ERROR;
				GCC_WARN_UNDECLARED_SELECTOR = YES;
				GCC_WARN_UNINITIALIZED_AUTOS = YES_AGGRESSIVE;
				GCC_WARN_UNUSED_FUNCTION = YES;
				GCC_WARN_UNUSED_VARIABLE = YES;
				IPHONEOS_DEPLOYMENT_TARGET = 15.0;
				MTL_ENABLE_DEBUG_INFO = INCLUDE_SOURCE;
				MTL_FAST_MATH = YES;
				ONLY_ACTIVE_ARCH = YES;
				SDKROOT = iphoneos;
				SWIFT_ACTIVE_COMPILATION_CONDITIONS = DEBUG;
				SWIFT_OPTIMIZATION_LEVEL = "-Onone";
			};
			name = Debug;
		};
		7ADC62C3285A5D4200A95952 /* Release */ = {
			isa = XCBuildConfiguration;
			buildSettings = {
				ALWAYS_SEARCH_USER_PATHS = NO;
				CLANG_ANALYZER_NONNULL = YES;
				CLANG_ANALYZER_NUMBER_OBJECT_CONVERSION = YES_AGGRESSIVE;
				CLANG_CXX_LANGUAGE_STANDARD = "gnu++17";
				CLANG_CXX_LIBRARY = "libc++";
				CLANG_ENABLE_MODULES = YES;
				CLANG_ENABLE_OBJC_ARC = YES;
				CLANG_ENABLE_OBJC_WEAK = YES;
				CLANG_WARN_BLOCK_CAPTURE_AUTORELEASING = YES;
				CLANG_WARN_BOOL_CONVERSION = YES;
				CLANG_WARN_COMMA = YES;
				CLANG_WARN_CONSTANT_CONVERSION = YES;
				CLANG_WARN_DEPRECATED_OBJC_IMPLEMENTATIONS = YES;
				CLANG_WARN_DIRECT_OBJC_ISA_USAGE = YES_ERROR;
				CLANG_WARN_DOCUMENTATION_COMMENTS = YES;
				CLANG_WARN_EMPTY_BODY = YES;
				CLANG_WARN_ENUM_CONVERSION = YES;
				CLANG_WARN_INFINITE_RECURSION = YES;
				CLANG_WARN_INT_CONVERSION = YES;
				CLANG_WARN_NON_LITERAL_NULL_CONVERSION = YES;
				CLANG_WARN_OBJC_IMPLICIT_RETAIN_SELF = YES;
				CLANG_WARN_OBJC_LITERAL_CONVERSION = YES;
				CLANG_WARN_OBJC_ROOT_CLASS = YES_ERROR;
				CLANG_WARN_QUOTED_INCLUDE_IN_FRAMEWORK_HEADER = YES;
				CLANG_WARN_RANGE_LOOP_ANALYSIS = YES;
				CLANG_WARN_STRICT_PROTOTYPES = YES;
				CLANG_WARN_SUSPICIOUS_MOVE = YES;
				CLANG_WARN_UNGUARDED_AVAILABILITY = YES_AGGRESSIVE;
				CLANG_WARN_UNREACHABLE_CODE = YES;
				CLANG_WARN__DUPLICATE_METHOD_MATCH = YES;
				COPY_PHASE_STRIP = NO;
				DEBUG_INFORMATION_FORMAT = "dwarf-with-dsym";
				ENABLE_NS_ASSERTIONS = NO;
				ENABLE_STRICT_OBJC_MSGSEND = YES;
				GCC_C_LANGUAGE_STANDARD = gnu11;
				GCC_NO_COMMON_BLOCKS = YES;
				GCC_WARN_64_TO_32_BIT_CONVERSION = YES;
				GCC_WARN_ABOUT_RETURN_TYPE = YES_ERROR;
				GCC_WARN_UNDECLARED_SELECTOR = YES;
				GCC_WARN_UNINITIALIZED_AUTOS = YES_AGGRESSIVE;
				GCC_WARN_UNUSED_FUNCTION = YES;
				GCC_WARN_UNUSED_VARIABLE = YES;
				IPHONEOS_DEPLOYMENT_TARGET = 15.0;
				MTL_ENABLE_DEBUG_INFO = NO;
				MTL_FAST_MATH = YES;
				SDKROOT = iphoneos;
				SWIFT_COMPILATION_MODE = wholemodule;
				SWIFT_OPTIMIZATION_LEVEL = "-O";
				VALIDATE_PRODUCT = YES;
			};
			name = Release;
		};
		7ADC62C5285A5D4200A95952 /* Debug */ = {
			isa = XCBuildConfiguration;
			buildSettings = {
				ASSETCATALOG_COMPILER_APPICON_NAME = AppIcon;
				ASSETCATALOG_COMPILER_GLOBAL_ACCENT_COLOR_NAME = AccentColor;
				CODE_SIGN_STYLE = Automatic;
				CURRENT_PROJECT_VERSION = 1;
				DEVELOPMENT_ASSET_PATHS = "\"FastFoodApp/Preview Content\"";
				ENABLE_PREVIEWS = YES;
				GENERATE_INFOPLIST_FILE = YES;
				INFOPLIST_KEY_UIApplicationSceneManifest_Generation = YES;
				INFOPLIST_KEY_UIApplicationSupportsIndirectInputEvents = YES;
				INFOPLIST_KEY_UILaunchScreen_Generation = YES;
				INFOPLIST_KEY_UISupportedInterfaceOrientations_iPad = "UIInterfaceOrientationPortrait UIInterfaceOrientationPortraitUpsideDown UIInterfaceOrientationLandscapeLeft UIInterfaceOrientationLandscapeRight";
				INFOPLIST_KEY_UISupportedInterfaceOrientations_iPhone = "UIInterfaceOrientationPortrait UIInterfaceOrientationLandscapeLeft UIInterfaceOrientationLandscapeRight";
				IPHONEOS_DEPLOYMENT_TARGET = 15.0;
				LD_RUNPATH_SEARCH_PATHS = (
					"$(inherited)",
					"@executable_path/Frameworks",
				);
				MARKETING_VERSION = 1.0;
				PRODUCT_BUNDLE_IDENTIFIER = com.FastFoodApp;
				PRODUCT_NAME = "$(TARGET_NAME)";
				SWIFT_EMIT_LOC_STRINGS = YES;
				SWIFT_VERSION = 5.0;
				TARGETED_DEVICE_FAMILY = "1,2";
			};
			name = Debug;
		};
		7ADC62C6285A5D4200A95952 /* Release */ = {
			isa = XCBuildConfiguration;
			buildSettings = {
				ASSETCATALOG_COMPILER_APPICON_NAME = AppIcon;
				ASSETCATALOG_COMPILER_GLOBAL_ACCENT_COLOR_NAME = AccentColor;
				CODE_SIGN_STYLE = Automatic;
				CURRENT_PROJECT_VERSION = 1;
				DEVELOPMENT_ASSET_PATHS = "\"FastFoodApp/Preview Content\"";
				ENABLE_PREVIEWS = YES;
				GENERATE_INFOPLIST_FILE = YES;
				INFOPLIST_KEY_UIApplicationSceneManifest_Generation = YES;
				INFOPLIST_KEY_UIApplicationSupportsIndirectInputEvents = YES;
				INFOPLIST_KEY_UILaunchScreen_Generation = YES;
				INFOPLIST_KEY_UISupportedInterfaceOrientations_iPad = "UIInterfaceOrientationPortrait UIInterfaceOrientationPortraitUpsideDown UIInterfaceOrientationLandscapeLeft UIInterfaceOrientationLandscapeRight";
				INFOPLIST_KEY_UISupportedInterfaceOrientations_iPhone = "UIInterfaceOrientationPortrait UIInterfaceOrientationLandscapeLeft UIInterfaceOrientationLandscapeRight";
				IPHONEOS_DEPLOYMENT_TARGET = 15.0;
				LD_RUNPATH_SEARCH_PATHS = (
					"$(inherited)",
					"@executable_path/Frameworks",
				);
				MARKETING_VERSION = 1.0;
				PRODUCT_BUNDLE_IDENTIFIER = com.FastFoodApp;
				PRODUCT_NAME = "$(TARGET_NAME)";
				SWIFT_EMIT_LOC_STRINGS = YES;
				SWIFT_VERSION = 5.0;
				TARGETED_DEVICE_FAMILY = "1,2";
			};
			name = Release;
		};
/* End XCBuildConfiguration section */

/* Begin XCConfigurationList section */
		7ADC62AC285A5D4000A95952 /* Build configuration list for PBXProject "FastFoodApp" */ = {
			isa = XCConfigurationList;
			buildConfigurations = (
				7ADC62C2285A5D4200A95952 /* Debug */,
				7ADC62C3285A5D4200A95952 /* Release */,
			);
			defaultConfigurationIsVisible = 0;
			defaultConfigurationName = Release;
		};
		7ADC62C4285A5D4200A95952 /* Build configuration list for PBXNativeTarget "FastFoodApp" */ = {
			isa = XCConfigurationList;
			buildConfigurations = (
				7ADC62C5285A5D4200A95952 /* Debug */,
				7ADC62C6285A5D4200A95952 /* Release */,
			);
			defaultConfigurationIsVisible = 0;
			defaultConfigurationName = Release;
		};
/* End XCConfigurationList section */

/* Begin XCVersionGroup section */
		7ADC62BF285A5D4200A95952 /* FastFoodApp.xcdatamodeld */ = {
			isa = XCVersionGroup;
			children = (
				7ADC62C0285A5D4200A95952 /* FastFoodApp.xcdatamodel */,
			);
			currentVersion = 7ADC62C0285A5D4200A95952 /* FastFoodApp.xcdatamodel */;
			path = FastFoodApp.xcdatamodeld;
			sourceTree = "<group>";
			versionGroupType = wrapper.xcdatamodel;
		};
/* End XCVersionGroup section */
	};
	rootObject = 7ADC62A9285A5D4000A95952 /* Project object */;
}
